
Microsoft Visual Studio Solution File, Format Version 12.00
# Visual Studio Version 17
VisualStudioVersion = 17.11.35111.106
MinimumVisualStudioVersion = 10.0.40219.1
Project("{FAE04EC0-301F-11D3-BF4B-00C04F79EFBC}") = "1-OlaMundo", "1-OlaMundo\1-OlaMundo.csproj", "{01A0450E-464C-429B-B912-933EC5F761BD}"
EndProject
Global
	GlobalSection(SolutionConfigurationPlatforms) = preSolution
		Debug|Any CPU = Debug|Any CPU
		Release|Any CPU = Release|Any CPU
	EndGlobalSection
	GlobalSection(ProjectConfigurationPlatforms) = postSolution
		{01A0450E-464C-429B-B912-933EC5F761BD}.Debug|Any CPU.ActiveCfg = Debug|Any CPU
		{01A0450E-464C-429B-B912-933EC5F761BD}.Debug|Any CPU.Build.0 = Debug|Any CPU
		{01A0450E-464C-429B-B912-933EC5F761BD}.Release|Any CPU.ActiveCfg = Release|Any CPU
		{01A0450E-464C-429B-B912-933EC5F761BD}.Release|Any CPU.Build.0 = Release|Any CPU
	EndGlobalSection
	GlobalSection(SolutionProperties) = preSolution
		HideSolutionNode = FALSE
	EndGlobalSection
	GlobalSection(ExtensibilityGlobals) = postSolution
		SolutionGuid = {1799186B-3C09-42A9-A8E5-09D5179F39DC}
	EndGlobalSection
EndGlobal
