
Microsoft Visual Studio Solution File, Format Version 12.00
# Visual Studio Version 17
VisualStudioVersion = 17.10.35013.160
MinimumVisualStudioVersion = 10.0.40219.1
Project("{FAE04EC0-301F-11D3-BF4B-00C04F79EFBC}") = "PrimeiroProjeto", "PrimeiroProjeto\PrimeiroProjeto.csproj", "{C537D0A9-4F96-47A7-8614-3B676A33E013}"
EndProject
Global
	GlobalSection(SolutionConfigurationPlatforms) = preSolution
		Debug|Any CPU = Debug|Any CPU
		Release|Any CPU = Release|Any CPU
	EndGlobalSection
	GlobalSection(ProjectConfigurationPlatforms) = postSolution
		{C537D0A9-4F96-47A7-8614-3B676A33E013}.Debug|Any CPU.ActiveCfg = Debug|Any CPU
		{C537D0A9-4F96-47A7-8614-3B676A33E013}.Debug|Any CPU.Build.0 = Debug|Any CPU
		{C537D0A9-4F96-47A7-8614-3B676A33E013}.Release|Any CPU.ActiveCfg = Release|Any CPU
		{C537D0A9-4F96-47A7-8614-3B676A33E013}.Release|Any CPU.Build.0 = Release|Any CPU
	EndGlobalSection
	GlobalSection(SolutionProperties) = preSolution
		HideSolutionNode = FALSE
	EndGlobalSection
	GlobalSection(ExtensibilityGlobals) = postSolution
		SolutionGuid = {4E3182EA-2171-4A53-B81D-8BAEFB47C13E}
	EndGlobalSection
EndGlobal
